<?xml version="1.0" encoding="UTF-8"?>
<Project ToolsVersion="14.0" xmlns="http://schemas.microsoft.com/developer/msbuild/2003">
  <ItemGroup>
    <CustomBuild Include="D:\misc\GitHub\libraries\build_debug\CMakeFiles\92d97c9fa264c4e6028d24deb013695d\RUN_TESTS_force.rule">
      <Filter>CMake Rules</Filter>
    </CustomBuild>
  </ItemGroup>
  <ItemGroup>
    <Filter Include="CMake Rules">
      <UniqueIdentifier>{94BFD026-E250-3EDA-92A7-94F0F943B427}</UniqueIdentifier>
    </Filter>
  </ItemGroup>
</Project>
